{
  "name": "ai-chat-ui-mini",
  "version": "1.0.0",
  "lockfileVersion": 3,
  "requires": true,
  "packages": {
    "": {
      "name": "ai-chat-ui-mini",
      "version": "1.0.0",
      "license": "ISC",
      "dependencies": {
        "@babel/runtime": "^7.28.3",
        "@vant/weapp": "^1.11.5",
        "chunk-res": "^1.0.3"
      }
    },
    "node_modules/@babel/runtime": {
      "version": "7.28.3",
      "resolved": "https://registry.npmjs.org/@babel/runtime/-/runtime-7.28.3.tgz",
      "integrity": "sha512-9uIQ10o0WGdpP6GDhXcdOJPJuDgFtIDtN/9+ArJQ2NAfAmiuhTQdzkaTGR33v43GYS2UrSA0eX2pPPHoFVvpxA==",
      "license": "MIT",
      "engines": {
        "node": ">=6.9.0"
      }
    },
    "node_modules/@vant/weapp": {
      "version": "1.11.5",
      "resolved": "https://registry.npmmirror.com/@vant/weapp/-/weapp-1.11.5.tgz",
      "integrity": "sha512-F/yebMtysTaDrqpCyk6AdQrY3lDB7y5TXNwHtBarxtL2NZzoH+D6pBwz9nY+d0vCin0w0IH9kDF57yb/BP3mNA=="
    },
    "node_modules/chunk-res": {
      "version": "1.0.3",
      "resolved": "https://registry.npmjs.org/chunk-res/-/chunk-res-1.0.3.tgz",
      "integrity": "sha512-PB/k3vtCzFrYxvvQ4WYDsABOrORT24SSTJoub6Zliq2wtHTzfZpZRg7q5xy6ack3Ab8UgBu4R/N6odYdzJmbig==",
      "license": "ISC"
    }
  }
}
